
Microsoft Visual Studio Solution File, Format Version 12.00
# Visual Studio 15
VisualStudioVersion = 15.0.27130.2024
MinimumVisualStudioVersion = 10.0.40219.1
Project("{FAE04EC0-301F-11D3-BF4B-00C04F79EFBC}") = "Proyecto Archivos", "Proyecto Archivos\Proyecto Archivos.csproj", "{F0F3312E-4784-46C5-BBED-7BF613A48C40}"
EndProject
Global
	GlobalSection(SolutionConfigurationPlatforms) = preSolution
		Debug|Any CPU = Debug|Any CPU
		Release|Any CPU = Release|Any CPU
	EndGlobalSection
	GlobalSection(ProjectConfigurationPlatforms) = postSolution
		{F0F3312E-4784-46C5-BBED-7BF613A48C40}.Debug|Any CPU.ActiveCfg = Debug|Any CPU
		{F0F3312E-4784-46C5-BBED-7BF613A48C40}.Debug|Any CPU.Build.0 = Debug|Any CPU
		{F0F3312E-4784-46C5-BBED-7BF613A48C40}.Release|Any CPU.ActiveCfg = Release|Any CPU
		{F0F3312E-4784-46C5-BBED-7BF613A48C40}.Release|Any CPU.Build.0 = Release|Any CPU
	EndGlobalSection
	GlobalSection(SolutionProperties) = preSolution
		HideSolutionNode = FALSE
	EndGlobalSection
	GlobalSection(ExtensibilityGlobals) = postSolution
		SolutionGuid = {A861ECDD-83E7-4F85-A012-651E820740AB}
	EndGlobalSection
EndGlobal
